<Solution>
  <Project Path="Domain/Domain.csproj" />
  <Project Path="HotelManagement.Tests/HotelManagement.Tests.csproj" Id="ec6a2af8-a9d7-4d03-b43b-43aef5d9053f" />
  <Project Path="HotelManagement/WebApi.csproj" />
  <Project Path="Infrastructure/Infrastructure.csproj" Id="820a9ef8-c00e-4822-858e-01a170d200ff" />
</Solution>
